// !$*UTF8*$!
{
	archiveVersion = 1;
	classes = {
	};
	objectVersion = 77;
	objects = {

/* Begin PBXBuildFile section */
		522F5F352F5AE5CE00A9E43A /* Unbounded-Bold.ttf in Resources */ = {isa = PBXBuildFile; fileRef = 522F5F292F5AE5CE00A9E43A /* Unbounded-Bold.ttf */; };
		522F5F362F5AE5CE00A9E43A /* Unbounded-Black.ttf in Resources */ = {isa = PBXBuildFile; fileRef = 522F5F282F5AE5CE00A9E43A /* Unbounded-Black.ttf */; };
		522F5F372F5AE5CE00A9E43A /* Unbounded-ExtraBold.ttf in Resources */ = {isa = PBXBuildFile; fileRef = 522F5F2A2F5AE5CE00A9E43A /* Unbounded-ExtraBold.ttf */; };
		522F5F382F5AE5CE00A9E43A /* Unbounded-SemiBold.ttf in Resources */ = {isa = PBXBuildFile; fileRef = 522F5F2F2F5AE5CE00A9E43A /* Unbounded-SemiBold.ttf */; };
		522F5F392F5AE5CE00A9E43A /* Unbounded-Regular.ttf in Resources */ = {isa = PBXBuildFile; fileRef = 522F5F2E2F5AE5CE00A9E43A /* Unbounded-Regular.ttf */; };
		522F5F3A2F5AE5CE00A9E43A /* OFL.txt in Resources */ = {isa = PBXBuildFile; fileRef = 522F5F312F5AE5CE00A9E43A /* OFL.txt */; };
		522F5F3B2F5AE5CE00A9E43A /* Unbounded-VariableFont_wght.ttf in Resources */ = {isa = PBXBuildFile; fileRef = 522F5F332F5AE5CE00A9E43A /* Unbounded-VariableFont_wght.ttf */; };
		522F5F3C2F5AE5CE00A9E43A /* Unbounded-Light.ttf in Resources */ = {isa = PBXBuildFile; fileRef = 522F5F2C2F5AE5CE00A9E43A /* Unbounded-Light.ttf */; };
		522F5F3D2F5AE5CE00A9E43A /* Unbounded-Medium.ttf in Resources */ = {isa = PBXBuildFile; fileRef = 522F5F2D2F5AE5CE00A9E43A /* Unbounded-Medium.ttf */; };
		522F5F3E2F5AE5CE00A9E43A /* Unbounded-ExtraLight.ttf in Resources */ = {isa = PBXBuildFile; fileRef = 522F5F2B2F5AE5CE00A9E43A /* Unbounded-ExtraLight.ttf */; };
		522F5F3F2F5AE5CE00A9E43A /* README.txt in Resources */ = {isa = PBXBuildFile; fileRef = 522F5F322F5AE5CE00A9E43A /* README.txt */; };
		52AEF3D52F5E056000B9671F /* button.mp3 in Resources */ = {isa = PBXBuildFile; fileRef = 52AEF3D42F5E056000B9671F /* button.mp3 */; };
/* End PBXBuildFile section */

/* Begin PBXFileReference section */
		522F5F282F5AE5CE00A9E43A /* Unbounded-Black.ttf */ = {isa = PBXFileReference; lastKnownFileType = file; path = "Unbounded-Black.ttf"; sourceTree = "<group>"; };
		522F5F292F5AE5CE00A9E43A /* Unbounded-Bold.ttf */ = {isa = PBXFileReference; lastKnownFileType = file; path = "Unbounded-Bold.ttf"; sourceTree = "<group>"; };
		522F5F2A2F5AE5CE00A9E43A /* Unbounded-ExtraBold.ttf */ = {isa = PBXFileReference; lastKnownFileType = file; path = "Unbounded-ExtraBold.ttf"; sourceTree = "<group>"; };
		522F5F2B2F5AE5CE00A9E43A /* Unbounded-ExtraLight.ttf */ = {isa = PBXFileReference; lastKnownFileType = file; path = "Unbounded-ExtraLight.ttf"; sourceTree = "<group>"; };
		522F5F2C2F5AE5CE00A9E43A /* Unbounded-Light.ttf */ = {isa = PBXFileReference; lastKnownFileType = file; path = "Unbounded-Light.ttf"; sourceTree = "<group>"; };
		522F5F2D2F5AE5CE00A9E43A /* Unbounded-Medium.ttf */ = {isa = PBXFileReference; lastKnownFileType = file; path = "Unbounded-Medium.ttf"; sourceTree = "<group>"; };
		522F5F2E2F5AE5CE00A9E43A /* Unbounded-Regular.ttf */ = {isa = PBXFileReference; lastKnownFileType = file; path = "Unbounded-Regular.ttf"; sourceTree = "<group>"; };
		522F5F2F2F5AE5CE00A9E43A /* Unbounded-SemiBold.ttf */ = {isa = PBXFileReference; lastKnownFileType = file; path = "Unbounded-SemiBold.ttf"; sourceTree = "<group>"; };
		522F5F312F5AE5CE00A9E43A /* OFL.txt */ = {isa = PBXFileReference; lastKnownFileType = text; path = OFL.txt; sourceTree = "<group>"; };
		522F5F322F5AE5CE00A9E43A /* README.txt */ = {isa = PBXFileReference; lastKnownFileType = text; path = README.txt; sourceTree = "<group>"; };
		522F5F332F5AE5CE00A9E43A /* Unbounded-VariableFont_wght.ttf */ = {isa = PBXFileReference; lastKnownFileType = file; path = "Unbounded-VariableFont_wght.ttf"; sourceTree = "<group>"; };
		523493022F5A096A00316496 /* FishStockFinance.app */ = {isa = PBXFileReference; explicitFileType = wrapper.application; includeInIndex = 0; path = FishStockFinance.app; sourceTree = BUILT_PRODUCTS_DIR; };
		52AEF3D42F5E056000B9671F /* button.mp3 */ = {isa = PBXFileReference; lastKnownFileType = audio.mp3; path = button.mp3; sourceTree = "<group>"; };
/* End PBXFileReference section */

/* Begin PBXFileSystemSynchronizedBuildFileExceptionSet section */
		522F5F412F5AE60300A9E43A /* Exceptions for "FishStockFinance" folder in "FishStockFinance" target */ = {
			isa = PBXFileSystemSynchronizedBuildFileExceptionSet;
			membershipExceptions = (
				Info.plist,
			);
			target = 523493012F5A096A00316496 /* FishStockFinance */;
		};
/* End PBXFileSystemSynchronizedBuildFileExceptionSet section */

/* Begin PBXFileSystemSynchronizedRootGroup section */
		523493042F5A096A00316496 /* FishStockFinance */ = {
			isa = PBXFileSystemSynchronizedRootGroup;
			exceptions = (
				522F5F412F5AE60300A9E43A /* Exceptions for "FishStockFinance" folder in "FishStockFinance" target */,
			);
			path = FishStockFinance;
			sourceTree = "<group>";
		};
/* End PBXFileSystemSynchronizedRootGroup section */

/* Begin PBXFrameworksBuildPhase section */
		523492FF2F5A096A00316496 /* Frameworks */ = {
			isa = PBXFrameworksBuildPhase;
			buildActionMask = 2147483647;
			files = (
			);
			runOnlyForDeploymentPostprocessing = 0;
		};
/* End PBXFrameworksBuildPhase section */

/* Begin PBXGroup section */
		522F5F302F5AE5CE00A9E43A /* static */ = {
			isa = PBXGroup;
			children = (
				522F5F282F5AE5CE00A9E43A /* Unbounded-Black.ttf */,
				522F5F292F5AE5CE00A9E43A /* Unbounded-Bold.ttf */,
				522F5F2A2F5AE5CE00A9E43A /* Unbounded-ExtraBold.ttf */,
				522F5F2B2F5AE5CE00A9E43A /* Unbounded-ExtraLight.ttf */,
				522F5F2C2F5AE5CE00A9E43A /* Unbounded-Light.ttf */,
				522F5F2D2F5AE5CE00A9E43A /* Unbounded-Medium.ttf */,
				522F5F2E2F5AE5CE00A9E43A /* Unbounded-Regular.ttf */,
				522F5F2F2F5AE5CE00A9E43A /* Unbounded-SemiBold.ttf */,
			);
			path = static;
			sourceTree = "<group>";
		};
		522F5F342F5AE5CE00A9E43A /* Unbounded */ = {
			isa = PBXGroup;
			children = (
				522F5F302F5AE5CE00A9E43A /* static */,
				522F5F312F5AE5CE00A9E43A /* OFL.txt */,
				522F5F322F5AE5CE00A9E43A /* README.txt */,
				522F5F332F5AE5CE00A9E43A /* Unbounded-VariableFont_wght.ttf */,
			);
			path = Unbounded;
			sourceTree = "<group>";
		};
		523492F92F5A096A00316496 = {
			isa = PBXGroup;
			children = (
				523493042F5A096A00316496 /* FishStockFinance */,
				523493032F5A096A00316496 /* Products */,
				522F5F342F5AE5CE00A9E43A /* Unbounded */,
				52AEF3D42F5E056000B9671F /* button.mp3 */,
			);
			sourceTree = "<group>";
		};
		523493032F5A096A00316496 /* Products */ = {
			isa = PBXGroup;
			children = (
				523493022F5A096A00316496 /* FishStockFinance.app */,
			);
			name = Products;
			sourceTree = "<group>";
		};
/* End PBXGroup section */

/* Begin PBXNativeTarget section */
		523493012F5A096A00316496 /* FishStockFinance */ = {
			isa = PBXNativeTarget;
			buildConfigurationList = 523493192F5A096C00316496 /* Build configuration list for PBXNativeTarget "FishStockFinance" */;
			buildPhases = (
				523492FE2F5A096A00316496 /* Sources */,
				523492FF2F5A096A00316496 /* Frameworks */,
				523493002F5A096A00316496 /* Resources */,
			);
			buildRules = (
			);
			dependencies = (
			);
			fileSystemSynchronizedGroups = (
				523493042F5A096A00316496 /* FishStockFinance */,
			);
			name = FishStockFinance;
			packageProductDependencies = (
			);
			productName = FishStockFinance;
			productReference = 523493022F5A096A00316496 /* FishStockFinance.app */;
			productType = "com.apple.product-type.application";
		};
/* End PBXNativeTarget section */

/* Begin PBXProject section */
		523492FA2F5A096A00316496 /* Project object */ = {
			isa = PBXProject;
			attributes = {
				BuildIndependentTargetsInParallel = 1;
				LastSwiftUpdateCheck = 1620;
				LastUpgradeCheck = 1620;
				TargetAttributes = {
					523493012F5A096A00316496 = {
						CreatedOnToolsVersion = 16.2;
					};
				};
			};
			buildConfigurationList = 523492FD2F5A096A00316496 /* Build configuration list for PBXProject "FishStockFinance" */;
			developmentRegion = en;
			hasScannedForEncodings = 0;
			knownRegions = (
				en,
				Base,
			);
			mainGroup = 523492F92F5A096A00316496;
			minimizedProjectReferenceProxies = 1;
			preferredProjectObjectVersion = 77;
			productRefGroup = 523493032F5A096A00316496 /* Products */;
			projectDirPath = "";
			projectRoot = "";
			targets = (
				523493012F5A096A00316496 /* FishStockFinance */,
			);
		};
/* End PBXProject section */

/* Begin PBXResourcesBuildPhase section */
		523493002F5A096A00316496 /* Resources */ = {
			isa = PBXResourcesBuildPhase;
			buildActionMask = 2147483647;
			files = (
				522F5F352F5AE5CE00A9E43A /* Unbounded-Bold.ttf in Resources */,
				522F5F362F5AE5CE00A9E43A /* Unbounded-Black.ttf in Resources */,
				522F5F372F5AE5CE00A9E43A /* Unbounded-ExtraBold.ttf in Resources */,
				522F5F382F5AE5CE00A9E43A /* Unbounded-SemiBold.ttf in Resources */,
				522F5F392F5AE5CE00A9E43A /* Unbounded-Regular.ttf in Resources */,
				522F5F3A2F5AE5CE00A9E43A /* OFL.txt in Resources */,
				522F5F3B2F5AE5CE00A9E43A /* Unbounded-VariableFont_wght.ttf in Resources */,
				522F5F3C2F5AE5CE00A9E43A /* Unbounded-Light.ttf in Resources */,
				52AEF3D52F5E056000B9671F /* button.mp3 in Resources */,
				522F5F3D2F5AE5CE00A9E43A /* Unbounded-Medium.ttf in Resources */,
				522F5F3E2F5AE5CE00A9E43A /* Unbounded-ExtraLight.ttf in Resources */,
				522F5F3F2F5AE5CE00A9E43A /* README.txt in Resources */,
			);
			runOnlyForDeploymentPostprocessing = 0;
		};
/* End PBXResourcesBuildPhase section */

/* Begin PBXSourcesBuildPhase section */
		523492FE2F5A096A00316496 /* Sources */ = {
			isa = PBXSourcesBuildPhase;
			buildActionMask = 2147483647;
			files = (
			);
			runOnlyForDeploymentPostprocessing = 0;
		};
/* End PBXSourcesBuildPhase section */

/* Begin XCBuildConfiguration section */
		523493172F5A096C00316496 /* Debug */ = {
			isa = XCBuildConfiguration;
			buildSettings = {
				ALWAYS_SEARCH_USER_PATHS = NO;
				ASSETCATALOG_COMPILER_GENERATE_SWIFT_ASSET_SYMBOL_EXTENSIONS = YES;
				CLANG_ANALYZER_NONNULL = YES;
				CLANG_ANALYZER_NUMBER_OBJECT_CONVERSION = YES_AGGRESSIVE;
				CLANG_CXX_LANGUAGE_STANDARD = "gnu++20";
				CLANG_ENABLE_MODULES = YES;
				CLANG_ENABLE_OBJC_ARC = YES;
				CLANG_ENABLE_OBJC_WEAK = YES;
				CLANG_WARN_BLOCK_CAPTURE_AUTORELEASING = YES;
				CLANG_WARN_BOOL_CONVERSION = YES;
				CLANG_WARN_COMMA = YES;
				CLANG_WARN_CONSTANT_CONVERSION = YES;
				CLANG_WARN_DEPRECATED_OBJC_IMPLEMENTATIONS = YES;
				CLANG_WARN_DIRECT_OBJC_ISA_USAGE = YES_ERROR;
				CLANG_WARN_DOCUMENTATION_COMMENTS = YES;
				CLANG_WARN_EMPTY_BODY = YES;
				CLANG_WARN_ENUM_CONVERSION = YES;
				CLANG_WARN_INFINITE_RECURSION = YES;
				CLANG_WARN_INT_CONVERSION = YES;
				CLANG_WARN_NON_LITERAL_NULL_CONVERSION = YES;
				CLANG_WARN_OBJC_IMPLICIT_RETAIN_SELF = YES;
				CLANG_WARN_OBJC_LITERAL_CONVERSION = YES;
				CLANG_WARN_OBJC_ROOT_CLASS = YES_ERROR;
				CLANG_WARN_QUOTED_INCLUDE_IN_FRAMEWORK_HEADER = YES;
				CLANG_WARN_RANGE_LOOP_ANALYSIS = YES;
				CLANG_WARN_STRICT_PROTOTYPES = YES;
				CLANG_WARN_SUSPICIOUS_MOVE = YES;
				CLANG_WARN_UNGUARDED_AVAILABILITY = YES_AGGRESSIVE;
				CLANG_WARN_UNREACHABLE_CODE = YES;
				CLANG_WARN__DUPLICATE_METHOD_MATCH = YES;
				COPY_PHASE_STRIP = NO;
				DEBUG_INFORMATION_FORMAT = dwarf;
				ENABLE_STRICT_OBJC_MSGSEND = YES;
				ENABLE_TESTABILITY = YES;
				ENABLE_USER_SCRIPT_SANDBOXING = YES;
				GCC_C_LANGUAGE_STANDARD = gnu17;
				GCC_DYNAMIC_NO_PIC = NO;
				GCC_NO_COMMON_BLOCKS = YES;
				GCC_OPTIMIZATION_LEVEL = 0;
				GCC_PREPROCESSOR_DEFINITIONS = (
					"DEBUG=1",
					"$(inherited)",
				);
				GCC_WARN_64_TO_32_BIT_CONVERSION = YES;
				GCC_WARN_ABOUT_RETURN_TYPE = YES_ERROR;
				GCC_WARN_UNDECLARED_SELECTOR = YES;
				GCC_WARN_UNINITIALIZED_AUTOS = YES_AGGRESSIVE;
				GCC_WARN_UNUSED_FUNCTION = YES;
				GCC_WARN_UNUSED_VARIABLE = YES;
				IPHONEOS_DEPLOYMENT_TARGET = 18.2;
				LOCALIZATION_PREFERS_STRING_CATALOGS = YES;
				MTL_ENABLE_DEBUG_INFO = INCLUDE_SOURCE;
				MTL_FAST_MATH = YES;
				ONLY_ACTIVE_ARCH = YES;
				SDKROOT = iphoneos;
				SWIFT_ACTIVE_COMPILATION_CONDITIONS = "DEBUG $(inherited)";
				SWIFT_OPTIMIZATION_LEVEL = "-Onone";
			};
			name = Debug;
		};
		523493182F5A096C00316496 /* Release */ = {
			isa = XCBuildConfiguration;
			buildSettings = {
				ALWAYS_SEARCH_USER_PATHS = NO;
				ASSETCATALOG_COMPILER_GENERATE_SWIFT_ASSET_SYMBOL_EXTENSIONS = YES;
				CLANG_ANALYZER_NONNULL = YES;
				CLANG_ANALYZER_NUMBER_OBJECT_CONVERSION = YES_AGGRESSIVE;
				CLANG_CXX_LANGUAGE_STANDARD = "gnu++20";
				CLANG_ENABLE_MODULES = YES;
				CLANG_ENABLE_OBJC_ARC = YES;
				CLANG_ENABLE_OBJC_WEAK = YES;
				CLANG_WARN_BLOCK_CAPTURE_AUTORELEASING = YES;
				CLANG_WARN_BOOL_CONVERSION = YES;
				CLANG_WARN_COMMA = YES;
				CLANG_WARN_CONSTANT_CONVERSION = YES;
				CLANG_WARN_DEPRECATED_OBJC_IMPLEMENTATIONS = YES;
				CLANG_WARN_DIRECT_OBJC_ISA_USAGE = YES_ERROR;
				CLANG_WARN_DOCUMENTATION_COMMENTS = YES;
				CLANG_WARN_EMPTY_BODY = YES;
				CLANG_WARN_ENUM_CONVERSION = YES;
				CLANG_WARN_INFINITE_RECURSION = YES;
				CLANG_WARN_INT_CONVERSION = YES;
				CLANG_WARN_NON_LITERAL_NULL_CONVERSION = YES;
				CLANG_WARN_OBJC_IMPLICIT_RETAIN_SELF = YES;
				CLANG_WARN_OBJC_LITERAL_CONVERSION = YES;
				CLANG_WARN_OBJC_ROOT_CLASS = YES_ERROR;
				CLANG_WARN_QUOTED_INCLUDE_IN_FRAMEWORK_HEADER = YES;
				CLANG_WARN_RANGE_LOOP_ANALYSIS = YES;
				CLANG_WARN_STRICT_PROTOTYPES = YES;
				CLANG_WARN_SUSPICIOUS_MOVE = YES;
				CLANG_WARN_UNGUARDED_AVAILABILITY = YES_AGGRESSIVE;
				CLANG_WARN_UNREACHABLE_CODE = YES;
				CLANG_WARN__DUPLICATE_METHOD_MATCH = YES;
				COPY_PHASE_STRIP = NO;
				DEBUG_INFORMATION_FORMAT = "dwarf-with-dsym";
				ENABLE_NS_ASSERTIONS = NO;
				ENABLE_STRICT_OBJC_MSGSEND = YES;
				ENABLE_USER_SCRIPT_SANDBOXING = YES;
				GCC_C_LANGUAGE_STANDARD = gnu17;
				GCC_NO_COMMON_BLOCKS = YES;
				GCC_WARN_64_TO_32_BIT_CONVERSION = YES;
				GCC_WARN_ABOUT_RETURN_TYPE = YES_ERROR;
				GCC_WARN_UNDECLARED_SELECTOR = YES;
				GCC_WARN_UNINITIALIZED_AUTOS = YES_AGGRESSIVE;
				GCC_WARN_UNUSED_FUNCTION = YES;
				GCC_WARN_UNUSED_VARIABLE = YES;
				IPHONEOS_DEPLOYMENT_TARGET = 18.2;
				LOCALIZATION_PREFERS_STRING_CATALOGS = YES;
				MTL_ENABLE_DEBUG_INFO = NO;
				MTL_FAST_MATH = YES;
				SDKROOT = iphoneos;
				SWIFT_COMPILATION_MODE = wholemodule;
				VALIDATE_PRODUCT = YES;
			};
			name = Release;
		};
		5234931A2F5A096C00316496 /* Debug */ = {
			isa = XCBuildConfiguration;
			buildSettings = {
				ASSETCATALOG_COMPILER_APPICON_NAME = AppIcon;
				ASSETCATALOG_COMPILER_GLOBAL_ACCENT_COLOR_NAME = AccentColor;
				CODE_SIGN_STYLE = Automatic;
				CURRENT_PROJECT_VERSION = 1;
				DEVELOPMENT_TEAM = FLZAZ92QU9;
				GENERATE_INFOPLIST_FILE = YES;
				INFOPLIST_FILE = FishStockFinance/Info.plist;
				INFOPLIST_KEY_NSPhotoLibraryUsageDescription = "The app needs photo library access so you can choose a fish image.";
				INFOPLIST_KEY_UIApplicationSupportsIndirectInputEvents = YES;
				INFOPLIST_KEY_UILaunchStoryboardName = LaunchScreen;
				INFOPLIST_KEY_UIMainStoryboardFile = Main;
				INFOPLIST_KEY_UIStatusBarHidden = NO;
				INFOPLIST_KEY_UISupportedInterfaceOrientations = "UIInterfaceOrientationLandscapeLeft UIInterfaceOrientationLandscapeRight UIInterfaceOrientationPortrait UIInterfaceOrientationPortraitUpsideDown";
				IPHONEOS_DEPLOYMENT_TARGET = 16;
				LD_RUNPATH_SEARCH_PATHS = (
					"$(inherited)",
					"@executable_path/Frameworks",
				);
				MARKETING_VERSION = 1.0;
				PRODUCT_BUNDLE_IDENTIFIER = com.DefaultCompany.FishStockFinance;
				PRODUCT_NAME = "$(TARGET_NAME)";
				SUPPORTED_PLATFORMS = "iphoneos iphonesimulator";
				SUPPORTS_MACCATALYST = NO;
				SUPPORTS_MAC_DESIGNED_FOR_IPHONE_IPAD = NO;
				SUPPORTS_XR_DESIGNED_FOR_IPHONE_IPAD = NO;
				SWIFT_EMIT_LOC_STRINGS = YES;
				SWIFT_VERSION = 5.0;
				TARGETED_DEVICE_FAMILY = 1;
			};
			name = Debug;
		};
		5234931B2F5A096C00316496 /* Release */ = {
			isa = XCBuildConfiguration;
			buildSettings = {
				ASSETCATALOG_COMPILER_APPICON_NAME = AppIcon;
				ASSETCATALOG_COMPILER_GLOBAL_ACCENT_COLOR_NAME = AccentColor;
				CODE_SIGN_STYLE = Automatic;
				CURRENT_PROJECT_VERSION = 1;
				DEVELOPMENT_TEAM = FLZAZ92QU9;
				GENERATE_INFOPLIST_FILE = YES;
				INFOPLIST_FILE = FishStockFinance/Info.plist;
				INFOPLIST_KEY_NSPhotoLibraryUsageDescription = "The app needs photo library access so you can choose a fish image.";
				INFOPLIST_KEY_UIApplicationSupportsIndirectInputEvents = YES;
				INFOPLIST_KEY_UILaunchStoryboardName = LaunchScreen;
				INFOPLIST_KEY_UIMainStoryboardFile = Main;
				INFOPLIST_KEY_UIStatusBarHidden = NO;
				INFOPLIST_KEY_UISupportedInterfaceOrientations = "UIInterfaceOrientationLandscapeLeft UIInterfaceOrientationLandscapeRight UIInterfaceOrientationPortrait UIInterfaceOrientationPortraitUpsideDown";
				IPHONEOS_DEPLOYMENT_TARGET = 16;
				LD_RUNPATH_SEARCH_PATHS = (
					"$(inherited)",
					"@executable_path/Frameworks",
				);
				MARKETING_VERSION = 1.0;
				PRODUCT_BUNDLE_IDENTIFIER = com.DefaultCompany.FishStockFinance;
				PRODUCT_NAME = "$(TARGET_NAME)";
				SUPPORTED_PLATFORMS = "iphoneos iphonesimulator";
				SUPPORTS_MACCATALYST = NO;
				SUPPORTS_MAC_DESIGNED_FOR_IPHONE_IPAD = NO;
				SUPPORTS_XR_DESIGNED_FOR_IPHONE_IPAD = NO;
				SWIFT_EMIT_LOC_STRINGS = YES;
				SWIFT_VERSION = 5.0;
				TARGETED_DEVICE_FAMILY = 1;
			};
			name = Release;
		};
/* End XCBuildConfiguration section */

/* Begin XCConfigurationList section */
		523492FD2F5A096A00316496 /* Build configuration list for PBXProject "FishStockFinance" */ = {
			isa = XCConfigurationList;
			buildConfigurations = (
				523493172F5A096C00316496 /* Debug */,
				523493182F5A096C00316496 /* Release */,
			);
			defaultConfigurationIsVisible = 0;
			defaultConfigurationName = Release;
		};
		523493192F5A096C00316496 /* Build configuration list for PBXNativeTarget "FishStockFinance" */ = {
			isa = XCConfigurationList;
			buildConfigurations = (
				5234931A2F5A096C00316496 /* Debug */,
				5234931B2F5A096C00316496 /* Release */,
			);
			defaultConfigurationIsVisible = 0;
			defaultConfigurationName = Release;
		};
/* End XCConfigurationList section */
	};
	rootObject = 523492FA2F5A096A00316496 /* Project object */;
}
